
Microsoft Visual Studio Solution File, Format Version 12.00
# Visual Studio Version 17
VisualStudioVersion = 17.0.31903.59
MinimumVisualStudioVersion = 10.0.40219.1
Project("{2150E333-8FDC-42A3-9474-1A3956D46DE8}") = "src", "src", "{A4265AE0-91D6-47B2-9401-699D42C0168D}"
EndProject
Project("{2150E333-8FDC-42A3-9474-1A3956D46DE8}") = "BuildingBlocks", "BuildingBlocks", "{82B00F1A-D715-4A11-AD72-8858CD7EB188}"
EndProject
Project("{FAE04EC0-301F-11D3-BF4B-00C04F79EFBC}") = "HireHub.Contracts", "src\BuildingBlocks\HireHub.Contracts\HireHub.Contracts.csproj", "{EC3EDBE2-FFB5-4A2F-883B-D5F49DF51209}"
EndProject
Project("{FAE04EC0-301F-11D3-BF4B-00C04F79EFBC}") = "HireHub.EventBus", "src\BuildingBlocks\HireHub.EventBus\HireHub.EventBus.csproj", "{7F115796-DB82-44FD-8888-BE835FFDC327}"
EndProject
Project("{2150E333-8FDC-42A3-9474-1A3956D46DE8}") = "Services", "Services", "{14B98E56-5ECF-4057-B528-7A40C8C4FDD4}"
EndProject
Project("{2150E333-8FDC-42A3-9474-1A3956D46DE8}") = "AuthService", "AuthService", "{26E6D2CE-89AA-444A-A0BA-3E157364BAA7}"
EndProject
Project("{FAE04EC0-301F-11D3-BF4B-00C04F79EFBC}") = "AuthService.Domain", "src\Services\AuthService\AuthService.Domain\AuthService.Domain.csproj", "{36969157-6362-4EEE-8EA6-9288317ED47C}"
EndProject
Project("{FAE04EC0-301F-11D3-BF4B-00C04F79EFBC}") = "AuthService.Application", "src\Services\AuthService\AuthService.Application\AuthService.Application.csproj", "{189A9AD6-58C8-469D-A1E2-0960849975EE}"
EndProject
Project("{FAE04EC0-301F-11D3-BF4B-00C04F79EFBC}") = "AuthService.Infrastructure", "src\Services\AuthService\AuthService.Infrastructure\AuthService.Infrastructure.csproj", "{BA4ED407-C00D-4941-BE69-17D34CEBAF24}"
EndProject
Project("{FAE04EC0-301F-11D3-BF4B-00C04F79EFBC}") = "AuthService.Api", "src\Services\AuthService\AuthService.Api\AuthService.Api.csproj", "{6CC26E4B-30FC-468E-BA55-4E41F28BCB55}"
EndProject
Project("{2150E333-8FDC-42A3-9474-1A3956D46DE8}") = "UserService", "UserService", "{A75DF15D-5752-4744-9E77-60342977DDF5}"
EndProject
Project("{FAE04EC0-301F-11D3-BF4B-00C04F79EFBC}") = "UserService.Domain", "src\Services\UserService\UserService.Domain\UserService.Domain.csproj", "{E81C0DF3-CACB-447F-A33B-12041A9C20EC}"
EndProject
Project("{FAE04EC0-301F-11D3-BF4B-00C04F79EFBC}") = "UserService.Application", "src\Services\UserService\UserService.Application\UserService.Application.csproj", "{9FD96BC0-49FB-45E8-BF56-DA8943AD3FAE}"
EndProject
Project("{FAE04EC0-301F-11D3-BF4B-00C04F79EFBC}") = "UserService.Infrastructure", "src\Services\UserService\UserService.Infrastructure\UserService.Infrastructure.csproj", "{52C90F9D-6D1C-4C24-B6D8-0634D8F03B88}"
EndProject
Project("{FAE04EC0-301F-11D3-BF4B-00C04F79EFBC}") = "UserService.Api", "src\Services\UserService\UserService.Api\UserService.Api.csproj", "{6F5100A7-D645-41A8-9719-04D13F60143A}"
EndProject
Project("{2150E333-8FDC-42A3-9474-1A3956D46DE8}") = "JobService", "JobService", "{6EF38A41-3FEE-46CC-BB41-0B82A9225F2E}"
EndProject
Project("{FAE04EC0-301F-11D3-BF4B-00C04F79EFBC}") = "JobService.Domain", "src\Services\JobService\JobService.Domain\JobService.Domain.csproj", "{B867082C-0B11-4BC3-A5E0-0D9029663C45}"
EndProject
Project("{FAE04EC0-301F-11D3-BF4B-00C04F79EFBC}") = "JobService.Application", "src\Services\JobService\JobService.Application\JobService.Application.csproj", "{CF95FF38-C91E-436B-8310-BE3C0EC95AAF}"
EndProject
Project("{FAE04EC0-301F-11D3-BF4B-00C04F79EFBC}") = "JobService.Infrastructure", "src\Services\JobService\JobService.Infrastructure\JobService.Infrastructure.csproj", "{41930F62-93B7-42B8-AA4B-16F06C93985F}"
EndProject
Project("{FAE04EC0-301F-11D3-BF4B-00C04F79EFBC}") = "JobService.Api", "src\Services\JobService\JobService.Api\JobService.Api.csproj", "{ACCAC495-1577-4C5E-9D15-67440B893477}"
EndProject
Project("{2150E333-8FDC-42A3-9474-1A3956D46DE8}") = "ApplicationService", "ApplicationService", "{2D3F9DE5-6AF8-4D5C-AEEE-492A7A711D08}"
EndProject
Project("{FAE04EC0-301F-11D3-BF4B-00C04F79EFBC}") = "ApplicationService.Domain", "src\Services\ApplicationService\ApplicationService.Domain\ApplicationService.Domain.csproj", "{2487C0DA-BD8E-46D3-B08C-5904E492E5CE}"
EndProject
Project("{FAE04EC0-301F-11D3-BF4B-00C04F79EFBC}") = "ApplicationService.Application", "src\Services\ApplicationService\ApplicationService.Application\ApplicationService.Application.csproj", "{EDAD4C19-0CAE-4679-ABC2-63DB1C81141C}"
EndProject
Project("{FAE04EC0-301F-11D3-BF4B-00C04F79EFBC}") = "ApplicationService.Infrastructure", "src\Services\ApplicationService\ApplicationService.Infrastructure\ApplicationService.Infrastructure.csproj", "{EDE3A871-CD3F-480C-9A7C-C02CBA7553DC}"
EndProject
Project("{FAE04EC0-301F-11D3-BF4B-00C04F79EFBC}") = "ApplicationService.Api", "src\Services\ApplicationService\ApplicationService.Api\ApplicationService.Api.csproj", "{BF07534F-D9D2-4411-AD1A-B0E0FC00B8EC}"
EndProject
Project("{2150E333-8FDC-42A3-9474-1A3956D46DE8}") = "MessagingService", "MessagingService", "{FCC2475A-6EA9-47AB-800C-B6B60C4BD614}"
EndProject
Project("{FAE04EC0-301F-11D3-BF4B-00C04F79EFBC}") = "MessagingService.Domain", "src\Services\MessagingService\MessagingService.Domain\MessagingService.Domain.csproj", "{3FB65AFA-A288-4C24-B46C-6BC380C3A616}"
EndProject
Project("{FAE04EC0-301F-11D3-BF4B-00C04F79EFBC}") = "MessagingService.Application", "src\Services\MessagingService\MessagingService.Application\MessagingService.Application.csproj", "{34CC141B-BBF4-4F59-824A-C909B8757BF8}"
EndProject
Project("{FAE04EC0-301F-11D3-BF4B-00C04F79EFBC}") = "MessagingService.Infrastructure", "src\Services\MessagingService\MessagingService.Infrastructure\MessagingService.Infrastructure.csproj", "{D7B23B00-5FA4-4D06-AE76-8D990001AA44}"
EndProject
Project("{FAE04EC0-301F-11D3-BF4B-00C04F79EFBC}") = "MessagingService.Api", "src\Services\MessagingService\MessagingService.Api\MessagingService.Api.csproj", "{ADA7E6B9-B70B-4531-84B3-BA63BBD71F4B}"
EndProject
Project("{2150E333-8FDC-42A3-9474-1A3956D46DE8}") = "NotificationService", "NotificationService", "{E9C817A9-D92E-4E53-842D-C324D5ABE254}"
EndProject
Project("{FAE04EC0-301F-11D3-BF4B-00C04F79EFBC}") = "NotificationService.Domain", "src\Services\NotificationService\NotificationService.Domain\NotificationService.Domain.csproj", "{5A2B1768-267E-4DD5-AFD7-CE92597F834F}"
EndProject
Project("{FAE04EC0-301F-11D3-BF4B-00C04F79EFBC}") = "NotificationService.Application", "src\Services\NotificationService\NotificationService.Application\NotificationService.Application.csproj", "{09C49B64-5C71-4CAA-A6F1-77A8DC738DF6}"
EndProject
Project("{FAE04EC0-301F-11D3-BF4B-00C04F79EFBC}") = "NotificationService.Infrastructure", "src\Services\NotificationService\NotificationService.Infrastructure\NotificationService.Infrastructure.csproj", "{D9A93E3E-AFB6-4817-9D66-1BFF1675ACF5}"
EndProject
Project("{FAE04EC0-301F-11D3-BF4B-00C04F79EFBC}") = "NotificationService.Api", "src\Services\NotificationService\NotificationService.Api\NotificationService.Api.csproj", "{E29DDA8E-1D31-4C6E-829F-5688804D19CB}"
EndProject
Project("{FAE04EC0-301F-11D3-BF4B-00C04F79EFBC}") = "HireHub.ApiGateway", "ApiGateway\HireHub.ApiGateway.csproj", "{DE79231E-E614-4691-9BB9-2C4797C5DD0D}"
EndProject
Project("{FAE04EC0-301F-11D3-BF4B-00C04F79EFBC}") = "HireHub.ApiCommon", "src\BuildingBlocks\HireHub.ApiCommon\HireHub.ApiCommon.csproj", "{C9594C28-988C-44D8-A914-D12523780206}"
EndProject
Global
	GlobalSection(SolutionConfigurationPlatforms) = preSolution
		Debug|Any CPU = Debug|Any CPU
		Release|Any CPU = Release|Any CPU
	EndGlobalSection
	GlobalSection(SolutionProperties) = preSolution
		HideSolutionNode = FALSE
	EndGlobalSection
	GlobalSection(ProjectConfigurationPlatforms) = postSolution
		{EC3EDBE2-FFB5-4A2F-883B-D5F49DF51209}.Debug|Any CPU.ActiveCfg = Debug|Any CPU
		{EC3EDBE2-FFB5-4A2F-883B-D5F49DF51209}.Debug|Any CPU.Build.0 = Debug|Any CPU
		{EC3EDBE2-FFB5-4A2F-883B-D5F49DF51209}.Release|Any CPU.ActiveCfg = Release|Any CPU
		{EC3EDBE2-FFB5-4A2F-883B-D5F49DF51209}.Release|Any CPU.Build.0 = Release|Any CPU
		{7F115796-DB82-44FD-8888-BE835FFDC327}.Debug|Any CPU.ActiveCfg = Debug|Any CPU
		{7F115796-DB82-44FD-8888-BE835FFDC327}.Debug|Any CPU.Build.0 = Debug|Any CPU
		{7F115796-DB82-44FD-8888-BE835FFDC327}.Release|Any CPU.ActiveCfg = Release|Any CPU
		{7F115796-DB82-44FD-8888-BE835FFDC327}.Release|Any CPU.Build.0 = Release|Any CPU
		{36969157-6362-4EEE-8EA6-9288317ED47C}.Debug|Any CPU.ActiveCfg = Debug|Any CPU
		{36969157-6362-4EEE-8EA6-9288317ED47C}.Debug|Any CPU.Build.0 = Debug|Any CPU
		{36969157-6362-4EEE-8EA6-9288317ED47C}.Release|Any CPU.ActiveCfg = Release|Any CPU
		{36969157-6362-4EEE-8EA6-9288317ED47C}.Release|Any CPU.Build.0 = Release|Any CPU
		{189A9AD6-58C8-469D-A1E2-0960849975EE}.Debug|Any CPU.ActiveCfg = Debug|Any CPU
		{189A9AD6-58C8-469D-A1E2-0960849975EE}.Debug|Any CPU.Build.0 = Debug|Any CPU
		{189A9AD6-58C8-469D-A1E2-0960849975EE}.Release|Any CPU.ActiveCfg = Release|Any CPU
		{189A9AD6-58C8-469D-A1E2-0960849975EE}.Release|Any CPU.Build.0 = Release|Any CPU
		{BA4ED407-C00D-4941-BE69-17D34CEBAF24}.Debug|Any CPU.ActiveCfg = Debug|Any CPU
		{BA4ED407-C00D-4941-BE69-17D34CEBAF24}.Debug|Any CPU.Build.0 = Debug|Any CPU
		{BA4ED407-C00D-4941-BE69-17D34CEBAF24}.Release|Any CPU.ActiveCfg = Release|Any CPU
		{BA4ED407-C00D-4941-BE69-17D34CEBAF24}.Release|Any CPU.Build.0 = Release|Any CPU
		{6CC26E4B-30FC-468E-BA55-4E41F28BCB55}.Debug|Any CPU.ActiveCfg = Debug|Any CPU
		{6CC26E4B-30FC-468E-BA55-4E41F28BCB55}.Debug|Any CPU.Build.0 = Debug|Any CPU
		{6CC26E4B-30FC-468E-BA55-4E41F28BCB55}.Release|Any CPU.ActiveCfg = Release|Any CPU
		{6CC26E4B-30FC-468E-BA55-4E41F28BCB55}.Release|Any CPU.Build.0 = Release|Any CPU
		{E81C0DF3-CACB-447F-A33B-12041A9C20EC}.Debug|Any CPU.ActiveCfg = Debug|Any CPU
		{E81C0DF3-CACB-447F-A33B-12041A9C20EC}.Debug|Any CPU.Build.0 = Debug|Any CPU
		{E81C0DF3-CACB-447F-A33B-12041A9C20EC}.Release|Any CPU.ActiveCfg = Release|Any CPU
		{E81C0DF3-CACB-447F-A33B-12041A9C20EC}.Release|Any CPU.Build.0 = Release|Any CPU
		{9FD96BC0-49FB-45E8-BF56-DA8943AD3FAE}.Debug|Any CPU.ActiveCfg = Debug|Any CPU
		{9FD96BC0-49FB-45E8-BF56-DA8943AD3FAE}.Debug|Any CPU.Build.0 = Debug|Any CPU
		{9FD96BC0-49FB-45E8-BF56-DA8943AD3FAE}.Release|Any CPU.ActiveCfg = Release|Any CPU
		{9FD96BC0-49FB-45E8-BF56-DA8943AD3FAE}.Release|Any CPU.Build.0 = Release|Any CPU
		{52C90F9D-6D1C-4C24-B6D8-0634D8F03B88}.Debug|Any CPU.ActiveCfg = Debug|Any CPU
		{52C90F9D-6D1C-4C24-B6D8-0634D8F03B88}.Debug|Any CPU.Build.0 = Debug|Any CPU
		{52C90F9D-6D1C-4C24-B6D8-0634D8F03B88}.Release|Any CPU.ActiveCfg = Release|Any CPU
		{52C90F9D-6D1C-4C24-B6D8-0634D8F03B88}.Release|Any CPU.Build.0 = Release|Any CPU
		{6F5100A7-D645-41A8-9719-04D13F60143A}.Debug|Any CPU.ActiveCfg = Debug|Any CPU
		{6F5100A7-D645-41A8-9719-04D13F60143A}.Debug|Any CPU.Build.0 = Debug|Any CPU
		{6F5100A7-D645-41A8-9719-04D13F60143A}.Release|Any CPU.ActiveCfg = Release|Any CPU
		{6F5100A7-D645-41A8-9719-04D13F60143A}.Release|Any CPU.Build.0 = Release|Any CPU
		{B867082C-0B11-4BC3-A5E0-0D9029663C45}.Debug|Any CPU.ActiveCfg = Debug|Any CPU
		{B867082C-0B11-4BC3-A5E0-0D9029663C45}.Debug|Any CPU.Build.0 = Debug|Any CPU
		{B867082C-0B11-4BC3-A5E0-0D9029663C45}.Release|Any CPU.ActiveCfg = Release|Any CPU
		{B867082C-0B11-4BC3-A5E0-0D9029663C45}.Release|Any CPU.Build.0 = Release|Any CPU
		{CF95FF38-C91E-436B-8310-BE3C0EC95AAF}.Debug|Any CPU.ActiveCfg = Debug|Any CPU
		{CF95FF38-C91E-436B-8310-BE3C0EC95AAF}.Debug|Any CPU.Build.0 = Debug|Any CPU
		{CF95FF38-C91E-436B-8310-BE3C0EC95AAF}.Release|Any CPU.ActiveCfg = Release|Any CPU
		{CF95FF38-C91E-436B-8310-BE3C0EC95AAF}.Release|Any CPU.Build.0 = Release|Any CPU
		{41930F62-93B7-42B8-AA4B-16F06C93985F}.Debug|Any CPU.ActiveCfg = Debug|Any CPU
		{41930F62-93B7-42B8-AA4B-16F06C93985F}.Debug|Any CPU.Build.0 = Debug|Any CPU
		{41930F62-93B7-42B8-AA4B-16F06C93985F}.Release|Any CPU.ActiveCfg = Release|Any CPU
		{41930F62-93B7-42B8-AA4B-16F06C93985F}.Release|Any CPU.Build.0 = Release|Any CPU
		{ACCAC495-1577-4C5E-9D15-67440B893477}.Debug|Any CPU.ActiveCfg = Debug|Any CPU
		{ACCAC495-1577-4C5E-9D15-67440B893477}.Debug|Any CPU.Build.0 = Debug|Any CPU
		{ACCAC495-1577-4C5E-9D15-67440B893477}.Release|Any CPU.ActiveCfg = Release|Any CPU
		{ACCAC495-1577-4C5E-9D15-67440B893477}.Release|Any CPU.Build.0 = Release|Any CPU
		{2487C0DA-BD8E-46D3-B08C-5904E492E5CE}.Debug|Any CPU.ActiveCfg = Debug|Any CPU
		{2487C0DA-BD8E-46D3-B08C-5904E492E5CE}.Debug|Any CPU.Build.0 = Debug|Any CPU
		{2487C0DA-BD8E-46D3-B08C-5904E492E5CE}.Release|Any CPU.ActiveCfg = Release|Any CPU
		{2487C0DA-BD8E-46D3-B08C-5904E492E5CE}.Release|Any CPU.Build.0 = Release|Any CPU
		{EDAD4C19-0CAE-4679-ABC2-63DB1C81141C}.Debug|Any CPU.ActiveCfg = Debug|Any CPU
		{EDAD4C19-0CAE-4679-ABC2-63DB1C81141C}.Debug|Any CPU.Build.0 = Debug|Any CPU
		{EDAD4C19-0CAE-4679-ABC2-63DB1C81141C}.Release|Any CPU.ActiveCfg = Release|Any CPU
		{EDAD4C19-0CAE-4679-ABC2-63DB1C81141C}.Release|Any CPU.Build.0 = Release|Any CPU
		{EDE3A871-CD3F-480C-9A7C-C02CBA7553DC}.Debug|Any CPU.ActiveCfg = Debug|Any CPU
		{EDE3A871-CD3F-480C-9A7C-C02CBA7553DC}.Debug|Any CPU.Build.0 = Debug|Any CPU
		{EDE3A871-CD3F-480C-9A7C-C02CBA7553DC}.Release|Any CPU.ActiveCfg = Release|Any CPU
		{EDE3A871-CD3F-480C-9A7C-C02CBA7553DC}.Release|Any CPU.Build.0 = Release|Any CPU
		{BF07534F-D9D2-4411-AD1A-B0E0FC00B8EC}.Debug|Any CPU.ActiveCfg = Debug|Any CPU
		{BF07534F-D9D2-4411-AD1A-B0E0FC00B8EC}.Debug|Any CPU.Build.0 = Debug|Any CPU
		{BF07534F-D9D2-4411-AD1A-B0E0FC00B8EC}.Release|Any CPU.ActiveCfg = Release|Any CPU
		{BF07534F-D9D2-4411-AD1A-B0E0FC00B8EC}.Release|Any CPU.Build.0 = Release|Any CPU
		{3FB65AFA-A288-4C24-B46C-6BC380C3A616}.Debug|Any CPU.ActiveCfg = Debug|Any CPU
		{3FB65AFA-A288-4C24-B46C-6BC380C3A616}.Debug|Any CPU.Build.0 = Debug|Any CPU
		{3FB65AFA-A288-4C24-B46C-6BC380C3A616}.Release|Any CPU.ActiveCfg = Release|Any CPU
		{3FB65AFA-A288-4C24-B46C-6BC380C3A616}.Release|Any CPU.Build.0 = Release|Any CPU
		{34CC141B-BBF4-4F59-824A-C909B8757BF8}.Debug|Any CPU.ActiveCfg = Debug|Any CPU
		{34CC141B-BBF4-4F59-824A-C909B8757BF8}.Debug|Any CPU.Build.0 = Debug|Any CPU
		{34CC141B-BBF4-4F59-824A-C909B8757BF8}.Release|Any CPU.ActiveCfg = Release|Any CPU
		{34CC141B-BBF4-4F59-824A-C909B8757BF8}.Release|Any CPU.Build.0 = Release|Any CPU
		{D7B23B00-5FA4-4D06-AE76-8D990001AA44}.Debug|Any CPU.ActiveCfg = Debug|Any CPU
		{D7B23B00-5FA4-4D06-AE76-8D990001AA44}.Debug|Any CPU.Build.0 = Debug|Any CPU
		{D7B23B00-5FA4-4D06-AE76-8D990001AA44}.Release|Any CPU.ActiveCfg = Release|Any CPU
		{D7B23B00-5FA4-4D06-AE76-8D990001AA44}.Release|Any CPU.Build.0 = Release|Any CPU
		{ADA7E6B9-B70B-4531-84B3-BA63BBD71F4B}.Debug|Any CPU.ActiveCfg = Debug|Any CPU
		{ADA7E6B9-B70B-4531-84B3-BA63BBD71F4B}.Debug|Any CPU.Build.0 = Debug|Any CPU
		{ADA7E6B9-B70B-4531-84B3-BA63BBD71F4B}.Release|Any CPU.ActiveCfg = Release|Any CPU
		{ADA7E6B9-B70B-4531-84B3-BA63BBD71F4B}.Release|Any CPU.Build.0 = Release|Any CPU
		{5A2B1768-267E-4DD5-AFD7-CE92597F834F}.Debug|Any CPU.ActiveCfg = Debug|Any CPU
		{5A2B1768-267E-4DD5-AFD7-CE92597F834F}.Debug|Any CPU.Build.0 = Debug|Any CPU
		{5A2B1768-267E-4DD5-AFD7-CE92597F834F}.Release|Any CPU.ActiveCfg = Release|Any CPU
		{5A2B1768-267E-4DD5-AFD7-CE92597F834F}.Release|Any CPU.Build.0 = Release|Any CPU
		{09C49B64-5C71-4CAA-A6F1-77A8DC738DF6}.Debug|Any CPU.ActiveCfg = Debug|Any CPU
		{09C49B64-5C71-4CAA-A6F1-77A8DC738DF6}.Debug|Any CPU.Build.0 = Debug|Any CPU
		{09C49B64-5C71-4CAA-A6F1-77A8DC738DF6}.Release|Any CPU.ActiveCfg = Release|Any CPU
		{09C49B64-5C71-4CAA-A6F1-77A8DC738DF6}.Release|Any CPU.Build.0 = Release|Any CPU
		{D9A93E3E-AFB6-4817-9D66-1BFF1675ACF5}.Debug|Any CPU.ActiveCfg = Debug|Any CPU
		{D9A93E3E-AFB6-4817-9D66-1BFF1675ACF5}.Debug|Any CPU.Build.0 = Debug|Any CPU
		{D9A93E3E-AFB6-4817-9D66-1BFF1675ACF5}.Release|Any CPU.ActiveCfg = Release|Any CPU
		{D9A93E3E-AFB6-4817-9D66-1BFF1675ACF5}.Release|Any CPU.Build.0 = Release|Any CPU
		{E29DDA8E-1D31-4C6E-829F-5688804D19CB}.Debug|Any CPU.ActiveCfg = Debug|Any CPU
		{E29DDA8E-1D31-4C6E-829F-5688804D19CB}.Debug|Any CPU.Build.0 = Debug|Any CPU
		{E29DDA8E-1D31-4C6E-829F-5688804D19CB}.Release|Any CPU.ActiveCfg = Release|Any CPU
		{E29DDA8E-1D31-4C6E-829F-5688804D19CB}.Release|Any CPU.Build.0 = Release|Any CPU
		{DE79231E-E614-4691-9BB9-2C4797C5DD0D}.Debug|Any CPU.ActiveCfg = Debug|Any CPU
		{DE79231E-E614-4691-9BB9-2C4797C5DD0D}.Debug|Any CPU.Build.0 = Debug|Any CPU
		{DE79231E-E614-4691-9BB9-2C4797C5DD0D}.Release|Any CPU.ActiveCfg = Release|Any CPU
		{DE79231E-E614-4691-9BB9-2C4797C5DD0D}.Release|Any CPU.Build.0 = Release|Any CPU
		{C9594C28-988C-44D8-A914-D12523780206}.Debug|Any CPU.ActiveCfg = Debug|Any CPU
		{C9594C28-988C-44D8-A914-D12523780206}.Debug|Any CPU.Build.0 = Debug|Any CPU
		{C9594C28-988C-44D8-A914-D12523780206}.Release|Any CPU.ActiveCfg = Release|Any CPU
		{C9594C28-988C-44D8-A914-D12523780206}.Release|Any CPU.Build.0 = Release|Any CPU
	EndGlobalSection
	GlobalSection(NestedProjects) = preSolution
		{82B00F1A-D715-4A11-AD72-8858CD7EB188} = {A4265AE0-91D6-47B2-9401-699D42C0168D}
		{EC3EDBE2-FFB5-4A2F-883B-D5F49DF51209} = {82B00F1A-D715-4A11-AD72-8858CD7EB188}
		{7F115796-DB82-44FD-8888-BE835FFDC327} = {82B00F1A-D715-4A11-AD72-8858CD7EB188}
		{14B98E56-5ECF-4057-B528-7A40C8C4FDD4} = {A4265AE0-91D6-47B2-9401-699D42C0168D}
		{26E6D2CE-89AA-444A-A0BA-3E157364BAA7} = {14B98E56-5ECF-4057-B528-7A40C8C4FDD4}
		{36969157-6362-4EEE-8EA6-9288317ED47C} = {26E6D2CE-89AA-444A-A0BA-3E157364BAA7}
		{189A9AD6-58C8-469D-A1E2-0960849975EE} = {26E6D2CE-89AA-444A-A0BA-3E157364BAA7}
		{BA4ED407-C00D-4941-BE69-17D34CEBAF24} = {26E6D2CE-89AA-444A-A0BA-3E157364BAA7}
		{6CC26E4B-30FC-468E-BA55-4E41F28BCB55} = {26E6D2CE-89AA-444A-A0BA-3E157364BAA7}
		{A75DF15D-5752-4744-9E77-60342977DDF5} = {14B98E56-5ECF-4057-B528-7A40C8C4FDD4}
		{E81C0DF3-CACB-447F-A33B-12041A9C20EC} = {A75DF15D-5752-4744-9E77-60342977DDF5}
		{9FD96BC0-49FB-45E8-BF56-DA8943AD3FAE} = {A75DF15D-5752-4744-9E77-60342977DDF5}
		{52C90F9D-6D1C-4C24-B6D8-0634D8F03B88} = {A75DF15D-5752-4744-9E77-60342977DDF5}
		{6F5100A7-D645-41A8-9719-04D13F60143A} = {A75DF15D-5752-4744-9E77-60342977DDF5}
		{6EF38A41-3FEE-46CC-BB41-0B82A9225F2E} = {14B98E56-5ECF-4057-B528-7A40C8C4FDD4}
		{B867082C-0B11-4BC3-A5E0-0D9029663C45} = {6EF38A41-3FEE-46CC-BB41-0B82A9225F2E}
		{CF95FF38-C91E-436B-8310-BE3C0EC95AAF} = {6EF38A41-3FEE-46CC-BB41-0B82A9225F2E}
		{41930F62-93B7-42B8-AA4B-16F06C93985F} = {6EF38A41-3FEE-46CC-BB41-0B82A9225F2E}
		{ACCAC495-1577-4C5E-9D15-67440B893477} = {6EF38A41-3FEE-46CC-BB41-0B82A9225F2E}
		{2D3F9DE5-6AF8-4D5C-AEEE-492A7A711D08} = {14B98E56-5ECF-4057-B528-7A40C8C4FDD4}
		{2487C0DA-BD8E-46D3-B08C-5904E492E5CE} = {2D3F9DE5-6AF8-4D5C-AEEE-492A7A711D08}
		{EDAD4C19-0CAE-4679-ABC2-63DB1C81141C} = {2D3F9DE5-6AF8-4D5C-AEEE-492A7A711D08}
		{EDE3A871-CD3F-480C-9A7C-C02CBA7553DC} = {2D3F9DE5-6AF8-4D5C-AEEE-492A7A711D08}
		{BF07534F-D9D2-4411-AD1A-B0E0FC00B8EC} = {2D3F9DE5-6AF8-4D5C-AEEE-492A7A711D08}
		{FCC2475A-6EA9-47AB-800C-B6B60C4BD614} = {14B98E56-5ECF-4057-B528-7A40C8C4FDD4}
		{3FB65AFA-A288-4C24-B46C-6BC380C3A616} = {FCC2475A-6EA9-47AB-800C-B6B60C4BD614}
		{34CC141B-BBF4-4F59-824A-C909B8757BF8} = {FCC2475A-6EA9-47AB-800C-B6B60C4BD614}
		{D7B23B00-5FA4-4D06-AE76-8D990001AA44} = {FCC2475A-6EA9-47AB-800C-B6B60C4BD614}
		{ADA7E6B9-B70B-4531-84B3-BA63BBD71F4B} = {FCC2475A-6EA9-47AB-800C-B6B60C4BD614}
		{E9C817A9-D92E-4E53-842D-C324D5ABE254} = {14B98E56-5ECF-4057-B528-7A40C8C4FDD4}
		{5A2B1768-267E-4DD5-AFD7-CE92597F834F} = {E9C817A9-D92E-4E53-842D-C324D5ABE254}
		{09C49B64-5C71-4CAA-A6F1-77A8DC738DF6} = {E9C817A9-D92E-4E53-842D-C324D5ABE254}
		{D9A93E3E-AFB6-4817-9D66-1BFF1675ACF5} = {E9C817A9-D92E-4E53-842D-C324D5ABE254}
		{E29DDA8E-1D31-4C6E-829F-5688804D19CB} = {E9C817A9-D92E-4E53-842D-C324D5ABE254}
		{C9594C28-988C-44D8-A914-D12523780206} = {82B00F1A-D715-4A11-AD72-8858CD7EB188}
	EndGlobalSection
EndGlobal
